
Microsoft Visual Studio Solution File, Format Version 12.00
# Visual Studio Version 17
VisualStudioVersion = 17.5.33414.496
MinimumVisualStudioVersion = 10.0.40219.1
Project("{FAE04EC0-301F-11D3-BF4B-00C04F79EFBC}") = "FilmesAPI", "FilmesAPI\FilmesAPI.csproj", "{D17CDA98-D72D-4D46-A668-4EC1677F1949}"
EndProject
Global
	GlobalSection(SolutionConfigurationPlatforms) = preSolution
		Debug|Any CPU = Debug|Any CPU
		Release|Any CPU = Release|Any CPU
	EndGlobalSection
	GlobalSection(ProjectConfigurationPlatforms) = postSolution
		{D17CDA98-D72D-4D46-A668-4EC1677F1949}.Debug|Any CPU.ActiveCfg = Debug|Any CPU
		{D17CDA98-D72D-4D46-A668-4EC1677F1949}.Debug|Any CPU.Build.0 = Debug|Any CPU
		{D17CDA98-D72D-4D46-A668-4EC1677F1949}.Release|Any CPU.ActiveCfg = Release|Any CPU
		{D17CDA98-D72D-4D46-A668-4EC1677F1949}.Release|Any CPU.Build.0 = Release|Any CPU
	EndGlobalSection
	GlobalSection(SolutionProperties) = preSolution
		HideSolutionNode = FALSE
	EndGlobalSection
	GlobalSection(ExtensibilityGlobals) = postSolution
		SolutionGuid = {1D381749-2657-416A-9DDD-49AFD76C9D9D}
	EndGlobalSection
EndGlobal
